{
  "name": "rfxcom",
  "version": "2.5.0",
  "lockfileVersion": 2,
  "requires": true,
  "packages": {
    "": {
      "name": "rfxcom",
      "version": "2.5.0",
      "license": "MIT",
      "dependencies": {
        "date-format": "^4.0.14",
        "queue": "^6.0.2",
        "serialport": "^11.0.1"
      },
      "bin": {
        "find-rfxcom": "bin/find-rfxcom.js",
        "set-protocols": "bin/set-protocols.js"
      },
      "devDependencies": {
        "jasmine": "^4.5.0",
        "jshint": "^2.11.1"
      },
      "engines": {
        "node": ">=14.21.2"
      }
    },
    "node_modules/@serialport/binding-mock": {
      "version": "10.2.2",
      "resolved": "https://registry.npmjs.org/@serialport/binding-mock/-/binding-mock-10.2.2.tgz",
      "integrity": "sha512-HAFzGhk9OuFMpuor7aT5G1ChPgn5qSsklTFOTUX72Rl6p0xwcSVsRtG/xaGp6bxpN7fI9D/S8THLBWbBgS6ldw==",
      "dependencies": {
        "@serialport/bindings-interface": "^1.2.1",
        "debug": "^4.3.3"
      },
      "engines": {
        "node": ">=12.0.0"
      }
    },
    "node_modules/@serialport/bindings-cpp": {
      "version": "11.0.3",
      "resolved": "https://registry.npmjs.org/@serialport/bindings-cpp/-/bindings-cpp-11.0.3.tgz",
      "integrity": "sha512-xgNDJ7pHHZCJMoDsEH+D8q5CV+V3RGN4/jLEG9SQ7q6kh+o03axV0l/upPHZ0HW4tTXpGgqPIGbXOTrD4RGQQA==",
      "hasInstallScript": true,
      "dependencies": {
        "@serialport/bindings-interface": "1.2.2",
        "@serialport/parser-readline": "11.0.0",
        "debug": "4.3.4",
        "node-addon-api": "6.1.0",
        "node-gyp-build": "4.6.0"
      },
      "engines": {
        "node": ">=14.0.0"
      },
      "funding": {
        "url": "https://opencollective.com/serialport/donate"
      }
    },
    "node_modules/@serialport/bindings-cpp/node_modules/@serialport/parser-delimiter": {
      "version": "11.0.0",
      "resolved": "https://registry.npmjs.org/@serialport/parser-delimiter/-/parser-delimiter-11.0.0.tgz",
      "integrity": "sha512-aZLJhlRTjSmEwllLG7S4J8s8ctRAS0cbvCpO87smLvl3e4BgzbVgF6Z6zaJd3Aji2uSiYgfedCdNc4L6W+1E2g==",
      "engines": {
        "node": ">=12.0.0"
      },
      "funding": {
        "url": "https://opencollective.com/serialport/donate"
      }
    },
    "node_modules/@serialport/bindings-cpp/node_modules/@serialport/parser-readline": {
      "version": "11.0.0",
      "resolved": "https://registry.npmjs.org/@serialport/parser-readline/-/parser-readline-11.0.0.tgz",
      "integrity": "sha512-rRAivhRkT3YO28WjmmG4FQX6L+KMb5/ikhyylRfzWPw0nSXy97+u07peS9CbHqaNvJkMhH1locp2H36aGMOEIA==",
      "dependencies": {
        "@serialport/parser-delimiter": "11.0.0"
      },
      "engines": {
        "node": ">=12.0.0"
      },
      "funding": {
        "url": "https://opencollective.com/serialport/donate"
      }
    },
    "node_modules/@serialport/bindings-interface": {
      "version": "1.2.2",
      "resolved": "https://registry.npmjs.org/@serialport/bindings-interface/-/bindings-interface-1.2.2.tgz",
      "integrity": "sha512-CJaUd5bLvtM9c5dmO9rPBHPXTa9R2UwpkJ0wdh9JCYcbrPWsKz+ErvR0hBLeo7NPeiFdjFO4sonRljiw4d2XiA==",
      "engines": {
        "node": "^12.22 || ^14.13 || >=16"
      }
    },
    "node_modules/@serialport/parser-byte-length": {
      "version": "11.0.1",
      "resolved": "https://registry.npmjs.org/@serialport/parser-byte-length/-/parser-byte-length-11.0.1.tgz",
      "integrity": "sha512-UsffR5b3NHwhjJzsWv5fZMkoq3wGNyUcRTA9jlu02w+2kMlBRJPzlPVB5szVX0VWUEqkCg+3VaU2XWuYr+uAUA==",
      "engines": {
        "node": ">=12.0.0"
      },
      "funding": {
        "url": "https://opencollective.com/serialport/donate"
      }
    },
    "node_modules/@serialport/parser-cctalk": {
      "version": "11.0.1",
      "resolved": "https://registry.npmjs.org/@serialport/parser-cctalk/-/parser-cctalk-11.0.1.tgz",
      "integrity": "sha512-klzVQfRcC1m0SVDV2Dy9hHfwweO2/mUMUyuXK04FRkKHy5/AdETmk9KTVVVVfpDCSysvHoyQPwiDFq8ddwX3cQ==",
      "engines": {
        "node": ">=12.0.0"
      },
      "funding": {
        "url": "https://opencollective.com/serialport/donate"
      }
    },
    "node_modules/@serialport/parser-delimiter": {
      "version": "11.0.1",
      "resolved": "https://registry.npmjs.org/@serialport/parser-delimiter/-/parser-delimiter-11.0.1.tgz",
      "integrity": "sha512-NAsYa3OFt2xEnj/+0BRkQP2qkRNbXBPEq6uFJEdNdzcTSF+BTRXkoIRrWBq3N6koovPqW6lnbxc/iJYe5AX/2Q==",
      "engines": {
        "node": ">=12.0.0"
      },
      "funding": {
        "url": "https://opencollective.com/serialport/donate"
      }
    },
    "node_modules/@serialport/parser-inter-byte-timeout": {
      "version": "11.0.1",
      "resolved": "https://registry.npmjs.org/@serialport/parser-inter-byte-timeout/-/parser-inter-byte-timeout-11.0.1.tgz",
      "integrity": "sha512-PEFV9dSpW+ptH1rLhdB9KgE+rbJ/FvQiZz0mx+4jkv/Po4g3PNsEEMXfMW0aQVSFVsmitvmE0jHlhGjLv8GQEg==",
      "engines": {
        "node": ">=12.0.0"
      },
      "funding": {
        "url": "https://opencollective.com/serialport/donate"
      }
    },
    "node_modules/@serialport/parser-packet-length": {
      "version": "11.0.1",
      "resolved": "https://registry.npmjs.org/@serialport/parser-packet-length/-/parser-packet-length-11.0.1.tgz",
      "integrity": "sha512-KwPu8dsAI+eN4fnUS1vVmrOpUtBK4p9L9cHhwn5ZmfcvwvZMHp/J+IEu7xH0g5aM1/8QEoaql26BQP+sZ71NQQ==",
      "engines": {
        "node": ">=8.6.0"
      }
    },
    "node_modules/@serialport/parser-readline": {
      "version": "11.0.1",
      "resolved": "https://registry.npmjs.org/@serialport/parser-readline/-/parser-readline-11.0.1.tgz",
      "integrity": "sha512-wkJ3EI733+yhbi7eBWzs/qn8+cfIBcYQjfrILPNqslAy6VlgdKw+pHoblDFmg78GN0TqGUDSWlTJ65oLEPVp5Q==",
      "dependencies": {
        "@serialport/parser-delimiter": "11.0.1"
      },
      "engines": {
        "node": ">=12.0.0"
      },
      "funding": {
        "url": "https://opencollective.com/serialport/donate"
      }
    },
    "node_modules/@serialport/parser-ready": {
      "version": "11.0.1",
      "resolved": "https://registry.npmjs.org/@serialport/parser-ready/-/parser-ready-11.0.1.tgz",
      "integrity": "sha512-v/bvlgKhrNt+SVLSqlfXCO1HEinfRRMGnzqbpdVCgu2SiWIEenCLjs51JisKVYQoQFcXdP/EHZnzm7NPXHDlAg==",
      "engines": {
        "node": ">=12.0.0"
      },
      "funding": {
        "url": "https://opencollective.com/serialport/donate"
      }
    },
    "node_modules/@serialport/parser-regex": {
      "version": "11.0.1",
      "resolved": "https://registry.npmjs.org/@serialport/parser-regex/-/parser-regex-11.0.1.tgz",
      "integrity": "sha512-Lf3k7qibYqZ0+/wX3UA8fRng3WtQ+UyLpjQhG1COs6OBSq5/I5tYXczfhlrbA0gHo1qzgzr2V2t7m6FoBSc81Q==",
      "engines": {
        "node": ">=12.0.0"
      },
      "funding": {
        "url": "https://opencollective.com/serialport/donate"
      }
    },
    "node_modules/@serialport/parser-slip-encoder": {
      "version": "11.0.1",
      "resolved": "https://registry.npmjs.org/@serialport/parser-slip-encoder/-/parser-slip-encoder-11.0.1.tgz",
      "integrity": "sha512-l4mXsAGzpmPO7+uqKJqtPDW643irfnGEWbiy34FoYvuOs8n0SmiMtgQZFAtvlTNQCRWE2tykF/WG6K/McJthDw==",
      "engines": {
        "node": ">=12.0.0"
      },
      "funding": {
        "url": "https://opencollective.com/serialport/donate"
      }
    },
    "node_modules/@serialport/parser-spacepacket": {
      "version": "11.0.1",
      "resolved": "https://registry.npmjs.org/@serialport/parser-spacepacket/-/parser-spacepacket-11.0.1.tgz",
      "integrity": "sha512-Lq7fXoOsLOMo4XEt9HB31zV5LhrteXlsOy2o6r39TfRwU6x8Nou9jQMA9vW0a6yPra5zwsHIaNrA6tDOGj2Ozg==",
      "engines": {
        "node": ">=12.0.0"
      },
      "funding": {
        "url": "https://opencollective.com/serialport/donate"
      }
    },
    "node_modules/@serialport/stream": {
      "version": "11.0.1",
      "resolved": "https://registry.npmjs.org/@serialport/stream/-/stream-11.0.1.tgz",
      "integrity": "sha512-6pjyKRg8MQuvhGfg36+PF7K5eGNQcEswCSiAg1UPilqqFS8X1QnaiSCn5UFp/hCN+pAtlFjkOi0ztvtmSI7n4g==",
      "dependencies": {
        "@serialport/bindings-interface": "1.2.2",
        "debug": "4.3.4"
      },
      "engines": {
        "node": ">=12.0.0"
      },
      "funding": {
        "url": "https://opencollective.com/serialport/donate"
      }
    },
    "node_modules/balanced-match": {
      "version": "1.0.0",
      "resolved": "https://registry.npmjs.org/balanced-match/-/balanced-match-1.0.0.tgz",
      "integrity": "sha1-ibTRmasr7kneFk6gK4nORi1xt2c=",
      "dev": true
    },
    "node_modules/brace-expansion": {
      "version": "1.1.11",
      "resolved": "https://registry.npmjs.org/brace-expansion/-/brace-expansion-1.1.11.tgz",
      "integrity": "sha512-iCuPHDFgrHX7H2vEI/5xpz07zSHB00TpugqhmYtVmMO6518mCuRMoOYFldEBl0g187ufozdaHgWKcYFb61qGiA==",
      "dev": true,
      "dependencies": {
        "balanced-match": "^1.0.0",
        "concat-map": "0.0.1"
      }
    },
    "node_modules/cli": {
      "version": "1.0.1",
      "resolved": "https://registry.npmjs.org/cli/-/cli-1.0.1.tgz",
      "integrity": "sha1-IoF1NPJL+klQw01TLUjsvGIbjBQ=",
      "dev": true,
      "dependencies": {
        "exit": "0.1.2",
        "glob": "^7.1.1"
      },
      "engines": {
        "node": ">=0.2.5"
      }
    },
    "node_modules/concat-map": {
      "version": "0.0.1",
      "resolved": "https://registry.npmjs.org/concat-map/-/concat-map-0.0.1.tgz",
      "integrity": "sha1-2Klr13/Wjfd5OnMDajug1UBdR3s=",
      "dev": true
    },
    "node_modules/console-browserify": {
      "version": "1.1.0",
      "resolved": "https://registry.npmjs.org/console-browserify/-/console-browserify-1.1.0.tgz",
      "integrity": "sha1-8CQcRXMKn8YyOyBtvzjtx0HQuxA=",
      "dev": true,
      "dependencies": {
        "date-now": "^0.1.4"
      }
    },
    "node_modules/core-util-is": {
      "version": "1.0.2",
      "resolved": "https://registry.npmjs.org/core-util-is/-/core-util-is-1.0.2.tgz",
      "integrity": "sha1-tf1UIgqivFq1eqtxQMlAdUUDwac=",
      "dev": true
    },
    "node_modules/date-format": {
      "version": "4.0.14",
      "resolved": "https://registry.npmjs.org/date-format/-/date-format-4.0.14.tgz",
      "integrity": "sha512-39BOQLs9ZjKh0/patS9nrT8wc3ioX3/eA/zgbKNopnF2wCqJEoxywwwElATYvRsXdnOxA/OQeQoFZ3rFjVajhg==",
      "engines": {
        "node": ">=4.0"
      }
    },
    "node_modules/date-now": {
      "version": "0.1.4",
      "resolved": "https://registry.npmjs.org/date-now/-/date-now-0.1.4.tgz",
      "integrity": "sha1-6vQ5/U1ISK105cx9vvIAZyueNFs=",
      "dev": true
    },
    "node_modules/debug": {
      "version": "4.3.4",
      "resolved": "https://registry.npmjs.org/debug/-/debug-4.3.4.tgz",
      "integrity": "sha512-PRWFHuSU3eDtQJPvnNY7Jcket1j0t5OuOsFzPPzsekD52Zl8qUfFIPEiswXqIvHWGVHOgX+7G/vCNNhehwxfkQ==",
      "dependencies": {
        "ms": "2.1.2"
      },
      "engines": {
        "node": ">=6.0"
      },
      "peerDependenciesMeta": {
        "supports-color": {
          "optional": true
        }
      }
    },
    "node_modules/dom-serializer": {
      "version": "0.2.2",
      "resolved": "https://registry.npmjs.org/dom-serializer/-/dom-serializer-0.2.2.tgz",
      "integrity": "sha512-2/xPb3ORsQ42nHYiSunXkDjPLBaEj/xTwUO4B7XCZQTRk7EBtTOPaygh10YAAh2OI1Qrp6NWfpAhzswj0ydt9g==",
      "dev": true,
      "dependencies": {
        "domelementtype": "^2.0.1",
        "entities": "^2.0.0"
      }
    },
    "node_modules/dom-serializer/node_modules/domelementtype": {
      "version": "2.0.1",
      "resolved": "https://registry.npmjs.org/domelementtype/-/domelementtype-2.0.1.tgz",
      "integrity": "sha512-5HOHUDsYZWV8FGWN0Njbr/Rn7f/eWSQi1v7+HsUVwXgn8nWWlL64zKDkS0n8ZmQ3mlWOMuXOnR+7Nx/5tMO5AQ==",
      "dev": true
    },
    "node_modules/dom-serializer/node_modules/entities": {
      "version": "2.0.3",
      "resolved": "https://registry.npmjs.org/entities/-/entities-2.0.3.tgz",
      "integrity": "sha512-MyoZ0jgnLvB2X3Lg5HqpFmn1kybDiIfEQmKzTb5apr51Rb+T3KdmMiqa70T+bhGnyv7bQ6WMj2QMHpGMmlrUYQ==",
      "dev": true
    },
    "node_modules/domelementtype": {
      "version": "1.3.1",
      "resolved": "https://registry.npmjs.org/domelementtype/-/domelementtype-1.3.1.tgz",
      "integrity": "sha512-BSKB+TSpMpFI/HOxCNr1O8aMOTZ8hT3pM3GQ0w/mWRmkhEDSFJkkyzz4XQsBV44BChwGkrDfMyjVD0eA2aFV3w==",
      "dev": true
    },
    "node_modules/domhandler": {
      "version": "2.3.0",
      "resolved": "https://registry.npmjs.org/domhandler/-/domhandler-2.3.0.tgz",
      "integrity": "sha1-LeWaCCLVAn+r/28DLCsloqir5zg=",
      "dev": true,
      "dependencies": {
        "domelementtype": "1"
      }
    },
    "node_modules/domutils": {
      "version": "1.5.1",
      "resolved": "https://registry.npmjs.org/domutils/-/domutils-1.5.1.tgz",
      "integrity": "sha1-3NhIiib1Y9YQeeSMn3t+Mjc2gs8=",
      "dev": true,
      "dependencies": {
        "dom-serializer": "0",
        "domelementtype": "1"
      }
    },
    "node_modules/entities": {
      "version": "1.0.0",
      "resolved": "https://registry.npmjs.org/entities/-/entities-1.0.0.tgz",
      "integrity": "sha1-sph6o4ITR/zeZCsk/fyeT7cSvyY=",
      "dev": true
    },
    "node_modules/exit": {
      "version": "0.1.2",
      "resolved": "https://registry.npmjs.org/exit/-/exit-0.1.2.tgz",
      "integrity": "sha1-BjJjj42HfMghB9MKD/8aF8uhzQw=",
      "dev": true,
      "engines": {
        "node": ">= 0.8.0"
      }
    },
    "node_modules/fs.realpath": {
      "version": "1.0.0",
      "resolved": "https://registry.npmjs.org/fs.realpath/-/fs.realpath-1.0.0.tgz",
      "integrity": "sha1-FQStJSMVjKpA20onh8sBQRmU6k8=",
      "dev": true
    },
    "node_modules/glob": {
      "version": "7.2.3",
      "resolved": "https://registry.npmjs.org/glob/-/glob-7.2.3.tgz",
      "integrity": "sha512-nFR0zLpU2YCaRxwoCJvL6UvCH2JFyFVIvwTLsIf21AuHlMskA1hhTdk+LlYJtOlYt9v6dvszD2BGRqBL+iQK9Q==",
      "dev": true,
      "dependencies": {
        "fs.realpath": "^1.0.0",
        "inflight": "^1.0.4",
        "inherits": "2",
        "minimatch": "^3.1.1",
        "once": "^1.3.0",
        "path-is-absolute": "^1.0.0"
      },
      "engines": {
        "node": "*"
      },
      "funding": {
        "url": "https://github.com/sponsors/isaacs"
      }
    },
    "node_modules/glob/node_modules/minimatch": {
      "version": "3.1.2",
      "resolved": "https://registry.npmjs.org/minimatch/-/minimatch-3.1.2.tgz",
      "integrity": "sha512-J7p63hRiAjw1NDEww1W7i37+ByIrOWO5XQQAzZ3VOcL0PNybwpfmV/N05zFAzwQ9USyEcX6t3UO+K5aqBQOIHw==",
      "dev": true,
      "dependencies": {
        "brace-expansion": "^1.1.7"
      },
      "engines": {
        "node": "*"
      }
    },
    "node_modules/htmlparser2": {
      "version": "3.8.3",
      "resolved": "https://registry.npmjs.org/htmlparser2/-/htmlparser2-3.8.3.tgz",
      "integrity": "sha1-mWwosZFRaovoZQGn15dX5ccMEGg=",
      "dev": true,
      "dependencies": {
        "domelementtype": "1",
        "domhandler": "2.3",
        "domutils": "1.5",
        "entities": "1.0",
        "readable-stream": "1.1"
      }
    },
    "node_modules/inflight": {
      "version": "1.0.6",
      "resolved": "https://registry.npmjs.org/inflight/-/inflight-1.0.6.tgz",
      "integrity": "sha1-Sb1jMdfQLQwJvJEKEHW6gWW1bfk=",
      "dev": true,
      "dependencies": {
        "once": "^1.3.0",
        "wrappy": "1"
      }
    },
    "node_modules/inherits": {
      "version": "2.0.4",
      "resolved": "https://registry.npmjs.org/inherits/-/inherits-2.0.4.tgz",
      "integrity": "sha512-k/vGaX4/Yla3WzyMCvTQOXYeIHvqOKtnqBduzTHpzpQZzAskKMhZ2K+EnBiSM9zGSoIFeMpXKxa4dYeZIQqewQ=="
    },
    "node_modules/isarray": {
      "version": "0.0.1",
      "resolved": "https://registry.npmjs.org/isarray/-/isarray-0.0.1.tgz",
      "integrity": "sha1-ihis/Kmo9Bd+Cav8YDiTmwXR7t8=",
      "dev": true
    },
    "node_modules/jasmine": {
      "version": "4.5.0",
      "resolved": "https://registry.npmjs.org/jasmine/-/jasmine-4.5.0.tgz",
      "integrity": "sha512-9olGRvNZyADIwYL9XBNBst5BTU/YaePzuddK+YRslc7rI9MdTIE4r3xaBKbv2GEmzYYUfMOdTR8/i6JfLZaxSQ==",
      "dev": true,
      "dependencies": {
        "glob": "^7.1.6",
        "jasmine-core": "^4.5.0"
      },
      "bin": {
        "jasmine": "bin/jasmine.js"
      }
    },
    "node_modules/jasmine-core": {
      "version": "4.5.0",
      "resolved": "https://registry.npmjs.org/jasmine-core/-/jasmine-core-4.5.0.tgz",
      "integrity": "sha512-9PMzyvhtocxb3aXJVOPqBDswdgyAeSB81QnLop4npOpbqnheaTEwPc9ZloQeVswugPManznQBjD8kWDTjlnHuw==",
      "dev": true
    },
    "node_modules/jshint": {
      "version": "2.13.6",
      "resolved": "https://registry.npmjs.org/jshint/-/jshint-2.13.6.tgz",
      "integrity": "sha512-IVdB4G0NTTeQZrBoM8C5JFVLjV2KtZ9APgybDA1MK73xb09qFs0jCXyQLnCOp1cSZZZbvhq/6mfXHUTaDkffuQ==",
      "dev": true,
      "dependencies": {
        "cli": "~1.0.0",
        "console-browserify": "1.1.x",
        "exit": "0.1.x",
        "htmlparser2": "3.8.x",
        "lodash": "~4.17.21",
        "minimatch": "~3.0.2",
        "strip-json-comments": "1.0.x"
      },
      "bin": {
        "jshint": "bin/jshint"
      }
    },
    "node_modules/lodash": {
      "version": "4.17.21",
      "resolved": "https://registry.npmjs.org/lodash/-/lodash-4.17.21.tgz",
      "integrity": "sha512-v2kDEe57lecTulaDIuNTPy3Ry4gLGJ6Z1O3vE1krgXZNrsQ+LFTGHVxVjcXPs17LhbZVGedAJv8XZ1tvj5FvSg==",
      "dev": true
    },
    "node_modules/minimatch": {
      "version": "3.0.8",
      "resolved": "https://registry.npmjs.org/minimatch/-/minimatch-3.0.8.tgz",
      "integrity": "sha512-6FsRAQsxQ61mw+qP1ZzbL9Bc78x2p5OqNgNpnoAFLTrX8n5Kxph0CsnhmKKNXTWjXqU5L0pGPR7hYk+XWZr60Q==",
      "dev": true,
      "dependencies": {
        "brace-expansion": "^1.1.7"
      },
      "engines": {
        "node": "*"
      }
    },
    "node_modules/ms": {
      "version": "2.1.2",
      "resolved": "https://registry.npmjs.org/ms/-/ms-2.1.2.tgz",
      "integrity": "sha512-sGkPx+VjMtmA6MX27oA4FBFELFCZZ4S4XqeGOXCv68tT+jb3vk/RyaKWP0PTKyWtmLSM0b+adUTEvbs1PEaH2w=="
    },
    "node_modules/node-addon-api": {
      "version": "6.1.0",
      "resolved": "https://registry.npmjs.org/node-addon-api/-/node-addon-api-6.1.0.tgz",
      "integrity": "sha512-+eawOlIgy680F0kBzPUNFhMZGtJ1YmqM6l4+Crf4IkImjYrO/mqPwRMh352g23uIaQKFItcQ64I7KMaJxHgAVA=="
    },
    "node_modules/node-gyp-build": {
      "version": "4.6.0",
      "resolved": "https://registry.npmjs.org/node-gyp-build/-/node-gyp-build-4.6.0.tgz",
      "integrity": "sha512-NTZVKn9IylLwUzaKjkas1e4u2DLNcV4rdYagA4PWdPwW87Bi7z+BznyKSRwS/761tV/lzCGXplWsiaMjLqP2zQ==",
      "bin": {
        "node-gyp-build": "bin.js",
        "node-gyp-build-optional": "optional.js",
        "node-gyp-build-test": "build-test.js"
      }
    },
    "node_modules/once": {
      "version": "1.4.0",
      "resolved": "https://registry.npmjs.org/once/-/once-1.4.0.tgz",
      "integrity": "sha1-WDsap3WWHUsROsF9nFC6753Xa9E=",
      "dev": true,
      "dependencies": {
        "wrappy": "1"
      }
    },
    "node_modules/path-is-absolute": {
      "version": "1.0.1",
      "resolved": "https://registry.npmjs.org/path-is-absolute/-/path-is-absolute-1.0.1.tgz",
      "integrity": "sha1-F0uSaHNVNP+8es5r9TpanhtcX18=",
      "dev": true,
      "engines": {
        "node": ">=0.10.0"
      }
    },
    "node_modules/queue": {
      "version": "6.0.2",
      "resolved": "https://registry.npmjs.org/queue/-/queue-6.0.2.tgz",
      "integrity": "sha512-iHZWu+q3IdFZFX36ro/lKBkSvfkztY5Y7HMiPlOUjhupPcG2JMfst2KKEpu5XndviX/3UhFbRngUPNKtgvtZiA==",
      "dependencies": {
        "inherits": "~2.0.3"
      }
    },
    "node_modules/readable-stream": {
      "version": "1.1.14",
      "resolved": "https://registry.npmjs.org/readable-stream/-/readable-stream-1.1.14.tgz",
      "integrity": "sha1-fPTFTvZI44EwhMY23SB54WbAgdk=",
      "dev": true,
      "dependencies": {
        "core-util-is": "~1.0.0",
        "inherits": "~2.0.1",
        "isarray": "0.0.1",
        "string_decoder": "~0.10.x"
      }
    },
    "node_modules/serialport": {
      "version": "11.0.1",
      "resolved": "https://registry.npmjs.org/serialport/-/serialport-11.0.1.tgz",
      "integrity": "sha512-j/ntDuewAkqL6g5wKjwV2RTyLBL9cpob8aRd3yLAViYApTsJoYqRleyuzst0OboNTBjBsoxQ4YKYhuYHi1XViQ==",
      "dependencies": {
        "@serialport/binding-mock": "10.2.2",
        "@serialport/bindings-cpp": "11.0.3",
        "@serialport/parser-byte-length": "11.0.1",
        "@serialport/parser-cctalk": "11.0.1",
        "@serialport/parser-delimiter": "11.0.1",
        "@serialport/parser-inter-byte-timeout": "11.0.1",
        "@serialport/parser-packet-length": "11.0.1",
        "@serialport/parser-readline": "11.0.1",
        "@serialport/parser-ready": "11.0.1",
        "@serialport/parser-regex": "11.0.1",
        "@serialport/parser-slip-encoder": "11.0.1",
        "@serialport/parser-spacepacket": "11.0.1",
        "@serialport/stream": "11.0.1",
        "debug": "4.3.4"
      },
      "engines": {
        "node": ">=12.0.0"
      },
      "funding": {
        "url": "https://opencollective.com/serialport/donate"
      }
    },
    "node_modules/string_decoder": {
      "version": "0.10.31",
      "resolved": "https://registry.npmjs.org/string_decoder/-/string_decoder-0.10.31.tgz",
      "integrity": "sha1-YuIDvEF2bGwoyfyEMB2rHFMQ+pQ=",
      "dev": true
    },
    "node_modules/strip-json-comments": {
      "version": "1.0.4",
      "resolved": "https://registry.npmjs.org/strip-json-comments/-/strip-json-comments-1.0.4.tgz",
      "integrity": "sha1-HhX7ysl9Pumb8tc7TGVrCCu6+5E=",
      "dev": true,
      "bin": {
        "strip-json-comments": "cli.js"
      },
      "engines": {
        "node": ">=0.8.0"
      }
    },
    "node_modules/wrappy": {
      "version": "1.0.2",
      "resolved": "https://registry.npmjs.org/wrappy/-/wrappy-1.0.2.tgz",
      "integrity": "sha1-tSQ9jz7BqjXxNkYFvA0QNuMKtp8=",
      "dev": true
    }
  },
  "dependencies": {
    "@serialport/binding-mock": {
      "version": "10.2.2",
      "resolved": "https://registry.npmjs.org/@serialport/binding-mock/-/binding-mock-10.2.2.tgz",
      "integrity": "sha512-HAFzGhk9OuFMpuor7aT5G1ChPgn5qSsklTFOTUX72Rl6p0xwcSVsRtG/xaGp6bxpN7fI9D/S8THLBWbBgS6ldw==",
      "requires": {
        "@serialport/bindings-interface": "^1.2.1",
        "debug": "^4.3.3"
      }
    },
    "@serialport/bindings-cpp": {
      "version": "11.0.3",
      "resolved": "https://registry.npmjs.org/@serialport/bindings-cpp/-/bindings-cpp-11.0.3.tgz",
      "integrity": "sha512-xgNDJ7pHHZCJMoDsEH+D8q5CV+V3RGN4/jLEG9SQ7q6kh+o03axV0l/upPHZ0HW4tTXpGgqPIGbXOTrD4RGQQA==",
      "requires": {
        "@serialport/bindings-interface": "1.2.2",
        "@serialport/parser-readline": "11.0.0",
        "debug": "4.3.4",
        "node-addon-api": "6.1.0",
        "node-gyp-build": "4.6.0"
      },
      "dependencies": {
        "@serialport/parser-delimiter": {
          "version": "11.0.0",
          "resolved": "https://registry.npmjs.org/@serialport/parser-delimiter/-/parser-delimiter-11.0.0.tgz",
          "integrity": "sha512-aZLJhlRTjSmEwllLG7S4J8s8ctRAS0cbvCpO87smLvl3e4BgzbVgF6Z6zaJd3Aji2uSiYgfedCdNc4L6W+1E2g=="
        },
        "@serialport/parser-readline": {
          "version": "11.0.0",
          "resolved": "https://registry.npmjs.org/@serialport/parser-readline/-/parser-readline-11.0.0.tgz",
          "integrity": "sha512-rRAivhRkT3YO28WjmmG4FQX6L+KMb5/ikhyylRfzWPw0nSXy97+u07peS9CbHqaNvJkMhH1locp2H36aGMOEIA==",
          "requires": {
            "@serialport/parser-delimiter": "11.0.0"
          }
        }
      }
    },
    "@serialport/bindings-interface": {
      "version": "1.2.2",
      "resolved": "https://registry.npmjs.org/@serialport/bindings-interface/-/bindings-interface-1.2.2.tgz",
      "integrity": "sha512-CJaUd5bLvtM9c5dmO9rPBHPXTa9R2UwpkJ0wdh9JCYcbrPWsKz+ErvR0hBLeo7NPeiFdjFO4sonRljiw4d2XiA=="
    },
    "@serialport/parser-byte-length": {
      "version": "11.0.1",
      "resolved": "https://registry.npmjs.org/@serialport/parser-byte-length/-/parser-byte-length-11.0.1.tgz",
      "integrity": "sha512-UsffR5b3NHwhjJzsWv5fZMkoq3wGNyUcRTA9jlu02w+2kMlBRJPzlPVB5szVX0VWUEqkCg+3VaU2XWuYr+uAUA=="
    },
    "@serialport/parser-cctalk": {
      "version": "11.0.1",
      "resolved": "https://registry.npmjs.org/@serialport/parser-cctalk/-/parser-cctalk-11.0.1.tgz",
      "integrity": "sha512-klzVQfRcC1m0SVDV2Dy9hHfwweO2/mUMUyuXK04FRkKHy5/AdETmk9KTVVVVfpDCSysvHoyQPwiDFq8ddwX3cQ=="
    },
    "@serialport/parser-delimiter": {
      "version": "11.0.1",
      "resolved": "https://registry.npmjs.org/@serialport/parser-delimiter/-/parser-delimiter-11.0.1.tgz",
      "integrity": "sha512-NAsYa3OFt2xEnj/+0BRkQP2qkRNbXBPEq6uFJEdNdzcTSF+BTRXkoIRrWBq3N6koovPqW6lnbxc/iJYe5AX/2Q=="
    },
    "@serialport/parser-inter-byte-timeout": {
      "version": "11.0.1",
      "resolved": "https://registry.npmjs.org/@serialport/parser-inter-byte-timeout/-/parser-inter-byte-timeout-11.0.1.tgz",
      "integrity": "sha512-PEFV9dSpW+ptH1rLhdB9KgE+rbJ/FvQiZz0mx+4jkv/Po4g3PNsEEMXfMW0aQVSFVsmitvmE0jHlhGjLv8GQEg=="
    },
    "@serialport/parser-packet-length": {
      "version": "11.0.1",
      "resolved": "https://registry.npmjs.org/@serialport/parser-packet-length/-/parser-packet-length-11.0.1.tgz",
      "integrity": "sha512-KwPu8dsAI+eN4fnUS1vVmrOpUtBK4p9L9cHhwn5ZmfcvwvZMHp/J+IEu7xH0g5aM1/8QEoaql26BQP+sZ71NQQ=="
    },
    "@serialport/parser-readline": {
      "version": "11.0.1",
      "resolved": "https://registry.npmjs.org/@serialport/parser-readline/-/parser-readline-11.0.1.tgz",
      "integrity": "sha512-wkJ3EI733+yhbi7eBWzs/qn8+cfIBcYQjfrILPNqslAy6VlgdKw+pHoblDFmg78GN0TqGUDSWlTJ65oLEPVp5Q==",
      "requires": {
        "@serialport/parser-delimiter": "11.0.1"
      }
    },
    "@serialport/parser-ready": {
      "version": "11.0.1",
      "resolved": "https://registry.npmjs.org/@serialport/parser-ready/-/parser-ready-11.0.1.tgz",
      "integrity": "sha512-v/bvlgKhrNt+SVLSqlfXCO1HEinfRRMGnzqbpdVCgu2SiWIEenCLjs51JisKVYQoQFcXdP/EHZnzm7NPXHDlAg=="
    },
    "@serialport/parser-regex": {
      "version": "11.0.1",
      "resolved": "https://registry.npmjs.org/@serialport/parser-regex/-/parser-regex-11.0.1.tgz",
      "integrity": "sha512-Lf3k7qibYqZ0+/wX3UA8fRng3WtQ+UyLpjQhG1COs6OBSq5/I5tYXczfhlrbA0gHo1qzgzr2V2t7m6FoBSc81Q=="
    },
    "@serialport/parser-slip-encoder": {
      "version": "11.0.1",
      "resolved": "https://registry.npmjs.org/@serialport/parser-slip-encoder/-/parser-slip-encoder-11.0.1.tgz",
      "integrity": "sha512-l4mXsAGzpmPO7+uqKJqtPDW643irfnGEWbiy34FoYvuOs8n0SmiMtgQZFAtvlTNQCRWE2tykF/WG6K/McJthDw=="
    },
    "@serialport/parser-spacepacket": {
      "version": "11.0.1",
      "resolved": "https://registry.npmjs.org/@serialport/parser-spacepacket/-/parser-spacepacket-11.0.1.tgz",
      "integrity": "sha512-Lq7fXoOsLOMo4XEt9HB31zV5LhrteXlsOy2o6r39TfRwU6x8Nou9jQMA9vW0a6yPra5zwsHIaNrA6tDOGj2Ozg=="
    },
    "@serialport/stream": {
      "version": "11.0.1",
      "resolved": "https://registry.npmjs.org/@serialport/stream/-/stream-11.0.1.tgz",
      "integrity": "sha512-6pjyKRg8MQuvhGfg36+PF7K5eGNQcEswCSiAg1UPilqqFS8X1QnaiSCn5UFp/hCN+pAtlFjkOi0ztvtmSI7n4g==",
      "requires": {
        "@serialport/bindings-interface": "1.2.2",
        "debug": "4.3.4"
      }
    },
    "balanced-match": {
      "version": "1.0.0",
      "resolved": "https://registry.npmjs.org/balanced-match/-/balanced-match-1.0.0.tgz",
      "integrity": "sha1-ibTRmasr7kneFk6gK4nORi1xt2c=",
      "dev": true
    },
    "brace-expansion": {
      "version": "1.1.11",
      "resolved": "https://registry.npmjs.org/brace-expansion/-/brace-expansion-1.1.11.tgz",
      "integrity": "sha512-iCuPHDFgrHX7H2vEI/5xpz07zSHB00TpugqhmYtVmMO6518mCuRMoOYFldEBl0g187ufozdaHgWKcYFb61qGiA==",
      "dev": true,
      "requires": {
        "balanced-match": "^1.0.0",
        "concat-map": "0.0.1"
      }
    },
    "cli": {
      "version": "1.0.1",
      "resolved": "https://registry.npmjs.org/cli/-/cli-1.0.1.tgz",
      "integrity": "sha1-IoF1NPJL+klQw01TLUjsvGIbjBQ=",
      "dev": true,
      "requires": {
        "exit": "0.1.2",
        "glob": "^7.1.1"
      }
    },
    "concat-map": {
      "version": "0.0.1",
      "resolved": "https://registry.npmjs.org/concat-map/-/concat-map-0.0.1.tgz",
      "integrity": "sha1-2Klr13/Wjfd5OnMDajug1UBdR3s=",
      "dev": true
    },
    "console-browserify": {
      "version": "1.1.0",
      "resolved": "https://registry.npmjs.org/console-browserify/-/console-browserify-1.1.0.tgz",
      "integrity": "sha1-8CQcRXMKn8YyOyBtvzjtx0HQuxA=",
      "dev": true,
      "requires": {
        "date-now": "^0.1.4"
      }
    },
    "core-util-is": {
      "version": "1.0.2",
      "resolved": "https://registry.npmjs.org/core-util-is/-/core-util-is-1.0.2.tgz",
      "integrity": "sha1-tf1UIgqivFq1eqtxQMlAdUUDwac=",
      "dev": true
    },
    "date-format": {
      "version": "4.0.14",
      "resolved": "https://registry.npmjs.org/date-format/-/date-format-4.0.14.tgz",
      "integrity": "sha512-39BOQLs9ZjKh0/patS9nrT8wc3ioX3/eA/zgbKNopnF2wCqJEoxywwwElATYvRsXdnOxA/OQeQoFZ3rFjVajhg=="
    },
    "date-now": {
      "version": "0.1.4",
      "resolved": "https://registry.npmjs.org/date-now/-/date-now-0.1.4.tgz",
      "integrity": "sha1-6vQ5/U1ISK105cx9vvIAZyueNFs=",
      "dev": true
    },
    "debug": {
      "version": "4.3.4",
      "resolved": "https://registry.npmjs.org/debug/-/debug-4.3.4.tgz",
      "integrity": "sha512-PRWFHuSU3eDtQJPvnNY7Jcket1j0t5OuOsFzPPzsekD52Zl8qUfFIPEiswXqIvHWGVHOgX+7G/vCNNhehwxfkQ==",
      "requires": {
        "ms": "2.1.2"
      }
    },
    "dom-serializer": {
      "version": "0.2.2",
      "resolved": "https://registry.npmjs.org/dom-serializer/-/dom-serializer-0.2.2.tgz",
      "integrity": "sha512-2/xPb3ORsQ42nHYiSunXkDjPLBaEj/xTwUO4B7XCZQTRk7EBtTOPaygh10YAAh2OI1Qrp6NWfpAhzswj0ydt9g==",
      "dev": true,
      "requires": {
        "domelementtype": "^2.0.1",
        "entities": "^2.0.0"
      },
      "dependencies": {
        "domelementtype": {
          "version": "2.0.1",
          "resolved": "https://registry.npmjs.org/domelementtype/-/domelementtype-2.0.1.tgz",
          "integrity": "sha512-5HOHUDsYZWV8FGWN0Njbr/Rn7f/eWSQi1v7+HsUVwXgn8nWWlL64zKDkS0n8ZmQ3mlWOMuXOnR+7Nx/5tMO5AQ==",
          "dev": true
        },
        "entities": {
          "version": "2.0.3",
          "resolved": "https://registry.npmjs.org/entities/-/entities-2.0.3.tgz",
          "integrity": "sha512-MyoZ0jgnLvB2X3Lg5HqpFmn1kybDiIfEQmKzTb5apr51Rb+T3KdmMiqa70T+bhGnyv7bQ6WMj2QMHpGMmlrUYQ==",
          "dev": true
        }
      }
    },
    "domelementtype": {
      "version": "1.3.1",
      "resolved": "https://registry.npmjs.org/domelementtype/-/domelementtype-1.3.1.tgz",
      "integrity": "sha512-BSKB+TSpMpFI/HOxCNr1O8aMOTZ8hT3pM3GQ0w/mWRmkhEDSFJkkyzz4XQsBV44BChwGkrDfMyjVD0eA2aFV3w==",
      "dev": true
    },
    "domhandler": {
      "version": "2.3.0",
      "resolved": "https://registry.npmjs.org/domhandler/-/domhandler-2.3.0.tgz",
      "integrity": "sha1-LeWaCCLVAn+r/28DLCsloqir5zg=",
      "dev": true,
      "requires": {
        "domelementtype": "1"
      }
    },
    "domutils": {
      "version": "1.5.1",
      "resolved": "https://registry.npmjs.org/domutils/-/domutils-1.5.1.tgz",
      "integrity": "sha1-3NhIiib1Y9YQeeSMn3t+Mjc2gs8=",
      "dev": true,
      "requires": {
        "dom-serializer": "0",
        "domelementtype": "1"
      }
    },
    "entities": {
      "version": "1.0.0",
      "resolved": "https://registry.npmjs.org/entities/-/entities-1.0.0.tgz",
      "integrity": "sha1-sph6o4ITR/zeZCsk/fyeT7cSvyY=",
      "dev": true
    },
    "exit": {
      "version": "0.1.2",
      "resolved": "https://registry.npmjs.org/exit/-/exit-0.1.2.tgz",
      "integrity": "sha1-BjJjj42HfMghB9MKD/8aF8uhzQw=",
      "dev": true
    },
    "fs.realpath": {
      "version": "1.0.0",
      "resolved": "https://registry.npmjs.org/fs.realpath/-/fs.realpath-1.0.0.tgz",
      "integrity": "sha1-FQStJSMVjKpA20onh8sBQRmU6k8=",
      "dev": true
    },
    "glob": {
      "version": "7.2.3",
      "resolved": "https://registry.npmjs.org/glob/-/glob-7.2.3.tgz",
      "integrity": "sha512-nFR0zLpU2YCaRxwoCJvL6UvCH2JFyFVIvwTLsIf21AuHlMskA1hhTdk+LlYJtOlYt9v6dvszD2BGRqBL+iQK9Q==",
      "dev": true,
      "requires": {
        "fs.realpath": "^1.0.0",
        "inflight": "^1.0.4",
        "inherits": "2",
        "minimatch": "^3.1.1",
        "once": "^1.3.0",
        "path-is-absolute": "^1.0.0"
      },
      "dependencies": {
        "minimatch": {
          "version": "3.1.2",
          "resolved": "https://registry.npmjs.org/minimatch/-/minimatch-3.1.2.tgz",
          "integrity": "sha512-J7p63hRiAjw1NDEww1W7i37+ByIrOWO5XQQAzZ3VOcL0PNybwpfmV/N05zFAzwQ9USyEcX6t3UO+K5aqBQOIHw==",
          "dev": true,
          "requires": {
            "brace-expansion": "^1.1.7"
          }
        }
      }
    },
    "htmlparser2": {
      "version": "3.8.3",
      "resolved": "https://registry.npmjs.org/htmlparser2/-/htmlparser2-3.8.3.tgz",
      "integrity": "sha1-mWwosZFRaovoZQGn15dX5ccMEGg=",
      "dev": true,
      "requires": {
        "domelementtype": "1",
        "domhandler": "2.3",
        "domutils": "1.5",
        "entities": "1.0",
        "readable-stream": "1.1"
      }
    },
    "inflight": {
      "version": "1.0.6",
      "resolved": "https://registry.npmjs.org/inflight/-/inflight-1.0.6.tgz",
      "integrity": "sha1-Sb1jMdfQLQwJvJEKEHW6gWW1bfk=",
      "dev": true,
      "requires": {
        "once": "^1.3.0",
        "wrappy": "1"
      }
    },
    "inherits": {
      "version": "2.0.4",
      "resolved": "https://registry.npmjs.org/inherits/-/inherits-2.0.4.tgz",
      "integrity": "sha512-k/vGaX4/Yla3WzyMCvTQOXYeIHvqOKtnqBduzTHpzpQZzAskKMhZ2K+EnBiSM9zGSoIFeMpXKxa4dYeZIQqewQ=="
    },
    "isarray": {
      "version": "0.0.1",
      "resolved": "https://registry.npmjs.org/isarray/-/isarray-0.0.1.tgz",
      "integrity": "sha1-ihis/Kmo9Bd+Cav8YDiTmwXR7t8=",
      "dev": true
    },
    "jasmine": {
      "version": "4.5.0",
      "resolved": "https://registry.npmjs.org/jasmine/-/jasmine-4.5.0.tgz",
      "integrity": "sha512-9olGRvNZyADIwYL9XBNBst5BTU/YaePzuddK+YRslc7rI9MdTIE4r3xaBKbv2GEmzYYUfMOdTR8/i6JfLZaxSQ==",
      "dev": true,
      "requires": {
        "glob": "^7.1.6",
        "jasmine-core": "^4.5.0"
      }
    },
    "jasmine-core": {
      "version": "4.5.0",
      "resolved": "https://registry.npmjs.org/jasmine-core/-/jasmine-core-4.5.0.tgz",
      "integrity": "sha512-9PMzyvhtocxb3aXJVOPqBDswdgyAeSB81QnLop4npOpbqnheaTEwPc9ZloQeVswugPManznQBjD8kWDTjlnHuw==",
      "dev": true
    },
    "jshint": {
      "version": "2.13.6",
      "resolved": "https://registry.npmjs.org/jshint/-/jshint-2.13.6.tgz",
      "integrity": "sha512-IVdB4G0NTTeQZrBoM8C5JFVLjV2KtZ9APgybDA1MK73xb09qFs0jCXyQLnCOp1cSZZZbvhq/6mfXHUTaDkffuQ==",
      "dev": true,
      "requires": {
        "cli": "~1.0.0",
        "console-browserify": "1.1.x",
        "exit": "0.1.x",
        "htmlparser2": "3.8.x",
        "lodash": "~4.17.21",
        "minimatch": "~3.0.2",
        "strip-json-comments": "1.0.x"
      }
    },
    "lodash": {
      "version": "4.17.21",
      "resolved": "https://registry.npmjs.org/lodash/-/lodash-4.17.21.tgz",
      "integrity": "sha512-v2kDEe57lecTulaDIuNTPy3Ry4gLGJ6Z1O3vE1krgXZNrsQ+LFTGHVxVjcXPs17LhbZVGedAJv8XZ1tvj5FvSg==",
      "dev": true
    },
    "minimatch": {
      "version": "3.0.8",
      "resolved": "https://registry.npmjs.org/minimatch/-/minimatch-3.0.8.tgz",
      "integrity": "sha512-6FsRAQsxQ61mw+qP1ZzbL9Bc78x2p5OqNgNpnoAFLTrX8n5Kxph0CsnhmKKNXTWjXqU5L0pGPR7hYk+XWZr60Q==",
      "dev": true,
      "requires": {
        "brace-expansion": "^1.1.7"
      }
    },
    "ms": {
      "version": "2.1.2",
      "resolved": "https://registry.npmjs.org/ms/-/ms-2.1.2.tgz",
      "integrity": "sha512-sGkPx+VjMtmA6MX27oA4FBFELFCZZ4S4XqeGOXCv68tT+jb3vk/RyaKWP0PTKyWtmLSM0b+adUTEvbs1PEaH2w=="
    },
    "node-addon-api": {
      "version": "6.1.0",
      "resolved": "https://registry.npmjs.org/node-addon-api/-/node-addon-api-6.1.0.tgz",
      "integrity": "sha512-+eawOlIgy680F0kBzPUNFhMZGtJ1YmqM6l4+Crf4IkImjYrO/mqPwRMh352g23uIaQKFItcQ64I7KMaJxHgAVA=="
    },
    "node-gyp-build": {
      "version": "4.6.0",
      "resolved": "https://registry.npmjs.org/node-gyp-build/-/node-gyp-build-4.6.0.tgz",
      "integrity": "sha512-NTZVKn9IylLwUzaKjkas1e4u2DLNcV4rdYagA4PWdPwW87Bi7z+BznyKSRwS/761tV/lzCGXplWsiaMjLqP2zQ=="
    },
    "once": {
      "version": "1.4.0",
      "resolved": "https://registry.npmjs.org/once/-/once-1.4.0.tgz",
      "integrity": "sha1-WDsap3WWHUsROsF9nFC6753Xa9E=",
      "dev": true,
      "requires": {
        "wrappy": "1"
      }
    },
    "path-is-absolute": {
      "version": "1.0.1",
      "resolved": "https://registry.npmjs.org/path-is-absolute/-/path-is-absolute-1.0.1.tgz",
      "integrity": "sha1-F0uSaHNVNP+8es5r9TpanhtcX18=",
      "dev": true
    },
    "queue": {
      "version": "6.0.2",
      "resolved": "https://registry.npmjs.org/queue/-/queue-6.0.2.tgz",
      "integrity": "sha512-iHZWu+q3IdFZFX36ro/lKBkSvfkztY5Y7HMiPlOUjhupPcG2JMfst2KKEpu5XndviX/3UhFbRngUPNKtgvtZiA==",
      "requires": {
        "inherits": "~2.0.3"
      }
    },
    "readable-stream": {
      "version": "1.1.14",
      "resolved": "https://registry.npmjs.org/readable-stream/-/readable-stream-1.1.14.tgz",
      "integrity": "sha1-fPTFTvZI44EwhMY23SB54WbAgdk=",
      "dev": true,
      "requires": {
        "core-util-is": "~1.0.0",
        "inherits": "~2.0.1",
        "isarray": "0.0.1",
        "string_decoder": "~0.10.x"
      }
    },
    "serialport": {
      "version": "11.0.1",
      "resolved": "https://registry.npmjs.org/serialport/-/serialport-11.0.1.tgz",
      "integrity": "sha512-j/ntDuewAkqL6g5wKjwV2RTyLBL9cpob8aRd3yLAViYApTsJoYqRleyuzst0OboNTBjBsoxQ4YKYhuYHi1XViQ==",
      "requires": {
        "@serialport/binding-mock": "10.2.2",
        "@serialport/bindings-cpp": "11.0.3",
        "@serialport/parser-byte-length": "11.0.1",
        "@serialport/parser-cctalk": "11.0.1",
        "@serialport/parser-delimiter": "11.0.1",
        "@serialport/parser-inter-byte-timeout": "11.0.1",
        "@serialport/parser-packet-length": "11.0.1",
        "@serialport/parser-readline": "11.0.1",
        "@serialport/parser-ready": "11.0.1",
        "@serialport/parser-regex": "11.0.1",
        "@serialport/parser-slip-encoder": "11.0.1",
        "@serialport/parser-spacepacket": "11.0.1",
        "@serialport/stream": "11.0.1",
        "debug": "4.3.4"
      }
    },
    "string_decoder": {
      "version": "0.10.31",
      "resolved": "https://registry.npmjs.org/string_decoder/-/string_decoder-0.10.31.tgz",
      "integrity": "sha1-YuIDvEF2bGwoyfyEMB2rHFMQ+pQ=",
      "dev": true
    },
    "strip-json-comments": {
      "version": "1.0.4",
      "resolved": "https://registry.npmjs.org/strip-json-comments/-/strip-json-comments-1.0.4.tgz",
      "integrity": "sha1-HhX7ysl9Pumb8tc7TGVrCCu6+5E=",
      "dev": true
    },
    "wrappy": {
      "version": "1.0.2",
      "resolved": "https://registry.npmjs.org/wrappy/-/wrappy-1.0.2.tgz",
      "integrity": "sha1-tSQ9jz7BqjXxNkYFvA0QNuMKtp8=",
      "dev": true
    }
  }
}
